{
    "_readme": [
        "This file locks the dependencies of your project to a known state",
        "Read more about it at https://getcomposer.org/doc/01-basic-usage.md#installing-dependencies",
        "This file is @generated automatically"
    ],
    "content-hash": "71a20bd8a02645adcf0ca87675bf2db3",
    "packages": [
        {
            "name": "estaleiroweb/traits",
            "version": "1.0.2",
            "source": {
                "type": "git",
                "url": "https://github.com/estaleiroweb/traits.git",
                "reference": "b532513bf4d9a3eccaee3a01846d5cc946c71398"
            },
            "dist": {
                "type": "zip",
                "url": "https://api.github.com/repos/estaleiroweb/traits/zipball/b532513bf4d9a3eccaee3a01846d5cc946c71398",
                "reference": "b532513bf4d9a3eccaee3a01846d5cc946c71398",
                "shasum": ""
            },
            "require": {
                "php": ">=5.3"
            },
            "type": "library",
            "autoload": {
                "psr-4": {
                    "EstaleiroWeb\\Traits\\": "src/"
                }
            },
            "notification-url": "https://packagist.org/downloads/",
            "license": [
                "MIT"
            ],
            "authors": [
                {
                    "name": "estaleiroweb",
                    "email": "helbert@estaleiroweb.com.br"
                }
            ],
            "description": "PHP Traits used in others projects of EstaleiroWeb",
            "support": {
                "issues": "https://github.com/estaleiroweb/traits/issues",
                "source": "https://github.com/estaleiroweb/traits/tree/v1.0.2"
            },
            "time": "2021-10-24T01:59:58+00:00"
        }
    ],
    "packages-dev": [],
    "aliases": [],
    "minimum-stability": "stable",
    "stability-flags": [],
    "prefer-stable": false,
    "prefer-lowest": false,
    "platform": {
        "ext-ctype": "*",
        "ext-dom": "*",
        "ext-fileinfo": "*",
        "ext-gd": "*",
        "ext-iconv": "*",
        "ext-libxml": "*",
        "ext-mbstring": "*",
        "ext-mysqli": "*",
        "ext-pdo": "*",
        "ext-pdo_mysql": "*",
        "ext-session": "*",
        "ext-simplexml": "*",
        "ext-xml": "*",
        "ext-xmlreader": "*",
        "ext-xmlwriter": "*",
        "ext-zip": "*",
        "ext-zlib": "*",
        "php": ">=7.0"
    },
    "platform-dev": [],
    "plugin-api-version": "2.1.0"
}
