{
    "_readme": [
        "This file locks the dependencies of your project to a known state",
        "Read more about it at https://getcomposer.org/doc/01-basic-usage.md#installing-dependencies",
        "This file is @generated automatically"
    ],
    "content-hash": "83eb1b1cd1e8c0622e73483f7675b290",
    "packages": [
        {
            "name": "estaleiroweb/traits",
            "version": "1.0.0",
            "source": {
                "type": "git",
                "url": "https://github.com/estaleiroweb/traits.git",
                "reference": "2726526b4c182c5f8039033a73a8a76bc6ee130f"
            },
            "dist": {
                "type": "zip",
                "url": "https://api.github.com/repos/estaleiroweb/traits/zipball/2726526b4c182c5f8039033a73a8a76bc6ee130f",
                "reference": "2726526b4c182c5f8039033a73a8a76bc6ee130f",
                "shasum": ""
            },
            "require": {
                "php": ">=5.3"
            },
            "type": "library",
            "autoload": {
                "psr-4": {
                    "Estaleiroweb\\Traits\\": "src/"
                }
            },
            "notification-url": "https://packagist.org/downloads/",
            "license": [
                "MIT"
            ],
            "authors": [
                {
                    "name": "estaleiroweb",
                    "email": "helbert@estaleiroweb.com.br"
                }
            ],
            "description": "PHP Traits used in others projects of EstaleiroWeb",
            "support": {
                "issues": "https://github.com/estaleiroweb/traits/issues",
                "source": "https://github.com/estaleiroweb/traits/tree/v1.0.0"
            },
            "time": "2021-10-21T19:07:46+00:00"
        }
    ],
    "packages-dev": [],
    "aliases": [],
    "minimum-stability": "stable",
    "stability-flags": [],
    "prefer-stable": false,
    "prefer-lowest": false,
    "platform": [],
    "platform-dev": [],
    "plugin-api-version": "2.1.0"
}
